
Microsoft Visual Studio Solution File, Format Version 12.00
# Blend for Visual Studio Version 16
VisualStudioVersion = 16.0.30523.141
MinimumVisualStudioVersion = 10.0.40219.1
Project("{FAE04EC0-301F-11D3-BF4B-00C04F79EFBC}") = "SESUM.ConfiguradorIdentidade", "SESUM.ConfiguradorIdentidade\SESUM.ConfiguradorIdentidade.csproj", "{45C55B03-712B-4BC0-8E26-B65E6C0E2171}"
EndProject
Project("{2150E333-8FDC-42A3-9474-1A3956D46DE8}") = "Aplicacao", "Aplicacao", "{D46FB437-100E-4C1C-9ECB-A6890AD731BE}"
EndProject
Global
	GlobalSection(SolutionConfigurationPlatforms) = preSolution
		Debug|Any CPU = Debug|Any CPU
		Release|Any CPU = Release|Any CPU
	EndGlobalSection
	GlobalSection(ProjectConfigurationPlatforms) = postSolution
		{45C55B03-712B-4BC0-8E26-B65E6C0E2171}.Debug|Any CPU.ActiveCfg = Debug|Any CPU
		{45C55B03-712B-4BC0-8E26-B65E6C0E2171}.Debug|Any CPU.Build.0 = Debug|Any CPU
		{45C55B03-712B-4BC0-8E26-B65E6C0E2171}.Release|Any CPU.ActiveCfg = Release|Any CPU
		{45C55B03-712B-4BC0-8E26-B65E6C0E2171}.Release|Any CPU.Build.0 = Release|Any CPU
	EndGlobalSection
	GlobalSection(SolutionProperties) = preSolution
		HideSolutionNode = FALSE
	EndGlobalSection
	GlobalSection(NestedProjects) = preSolution
		{45C55B03-712B-4BC0-8E26-B65E6C0E2171} = {D46FB437-100E-4C1C-9ECB-A6890AD731BE}
	EndGlobalSection
	GlobalSection(ExtensibilityGlobals) = postSolution
		SolutionGuid = {2DF7C75C-31B6-4A40-9730-0356BC7EC1A8}
	EndGlobalSection
EndGlobal
